
Microsoft Visual Studio Solution File, Format Version 12.00
# Visual Studio 15
VisualStudioVersion = 15.0.26124.0
MinimumVisualStudioVersion = 15.0.26124.0
Project("{FAE04EC0-301F-11D3-BF4B-00C04F79EFBC}") = "MessageStore.API", "MessageStore.API\MessageStore.API.csproj", "{D6AB4C63-FBB9-4C19-B410-3FC54A78557F}"
EndProject
Project("{FAE04EC0-301F-11D3-BF4B-00C04F79EFBC}") = "MessageStore.API.Tests", "MessageStore.API.Tests\MessageStore.API.Tests.csproj", "{42C28E38-F446-4393-AB14-D008F8A7F6AA}"
EndProject
Global
	GlobalSection(SolutionConfigurationPlatforms) = preSolution
		Debug|Any CPU = Debug|Any CPU
		Debug|x64 = Debug|x64
		Debug|x86 = Debug|x86
		Release|Any CPU = Release|Any CPU
		Release|x64 = Release|x64
		Release|x86 = Release|x86
	EndGlobalSection
	GlobalSection(SolutionProperties) = preSolution
		HideSolutionNode = FALSE
	EndGlobalSection
	GlobalSection(ProjectConfigurationPlatforms) = postSolution
		{D6AB4C63-FBB9-4C19-B410-3FC54A78557F}.Debug|Any CPU.ActiveCfg = Debug|Any CPU
		{D6AB4C63-FBB9-4C19-B410-3FC54A78557F}.Debug|Any CPU.Build.0 = Debug|Any CPU
		{D6AB4C63-FBB9-4C19-B410-3FC54A78557F}.Debug|x64.ActiveCfg = Debug|Any CPU
		{D6AB4C63-FBB9-4C19-B410-3FC54A78557F}.Debug|x64.Build.0 = Debug|Any CPU
		{D6AB4C63-FBB9-4C19-B410-3FC54A78557F}.Debug|x86.ActiveCfg = Debug|Any CPU
		{D6AB4C63-FBB9-4C19-B410-3FC54A78557F}.Debug|x86.Build.0 = Debug|Any CPU
		{D6AB4C63-FBB9-4C19-B410-3FC54A78557F}.Release|Any CPU.ActiveCfg = Release|Any CPU
		{D6AB4C63-FBB9-4C19-B410-3FC54A78557F}.Release|Any CPU.Build.0 = Release|Any CPU
		{D6AB4C63-FBB9-4C19-B410-3FC54A78557F}.Release|x64.ActiveCfg = Release|Any CPU
		{D6AB4C63-FBB9-4C19-B410-3FC54A78557F}.Release|x64.Build.0 = Release|Any CPU
		{D6AB4C63-FBB9-4C19-B410-3FC54A78557F}.Release|x86.ActiveCfg = Release|Any CPU
		{D6AB4C63-FBB9-4C19-B410-3FC54A78557F}.Release|x86.Build.0 = Release|Any CPU
		{42C28E38-F446-4393-AB14-D008F8A7F6AA}.Debug|Any CPU.ActiveCfg = Debug|Any CPU
		{42C28E38-F446-4393-AB14-D008F8A7F6AA}.Debug|Any CPU.Build.0 = Debug|Any CPU
		{42C28E38-F446-4393-AB14-D008F8A7F6AA}.Debug|x64.ActiveCfg = Debug|Any CPU
		{42C28E38-F446-4393-AB14-D008F8A7F6AA}.Debug|x64.Build.0 = Debug|Any CPU
		{42C28E38-F446-4393-AB14-D008F8A7F6AA}.Debug|x86.ActiveCfg = Debug|Any CPU
		{42C28E38-F446-4393-AB14-D008F8A7F6AA}.Debug|x86.Build.0 = Debug|Any CPU
		{42C28E38-F446-4393-AB14-D008F8A7F6AA}.Release|Any CPU.ActiveCfg = Release|Any CPU
		{42C28E38-F446-4393-AB14-D008F8A7F6AA}.Release|Any CPU.Build.0 = Release|Any CPU
		{42C28E38-F446-4393-AB14-D008F8A7F6AA}.Release|x64.ActiveCfg = Release|Any CPU
		{42C28E38-F446-4393-AB14-D008F8A7F6AA}.Release|x64.Build.0 = Release|Any CPU
		{42C28E38-F446-4393-AB14-D008F8A7F6AA}.Release|x86.ActiveCfg = Release|Any CPU
		{42C28E38-F446-4393-AB14-D008F8A7F6AA}.Release|x86.Build.0 = Release|Any CPU
	EndGlobalSection
EndGlobal
